{
  "name": "copito-backend",
  "version": "1.0,0",
  "descripcion": "Backend para sistema de E-commerce con Node.js, Express y Sequelize",
  "main":"server.js",
  "scripts":{
      "start": "node server.js",
      "dev":"nodemon server.js",
      "init-db":"node config/createDataBase.js"
  },
  "lockfileVersion": 3,
  "requires": true,
  "packages": {}
}
